
Microsoft Visual Studio Solution File, Format Version 12.00
# Visual Studio Version 16
VisualStudioVersion = 16.0.30413.136
MinimumVisualStudioVersion = 10.0.40219.1
Project("{FAE04EC0-301F-11D3-BF4B-00C04F79EFBC}") = "Web", "Web\Web.csproj", "{62FBE92C-9E55-4AA1-847C-A0FE8C360EBE}"
EndProject
Project("{FAE04EC0-301F-11D3-BF4B-00C04F79EFBC}") = "ServiceLayer", "ServiceLayer\ServiceLayer.csproj", "{F87CE117-5E67-4163-8855-5AAD8E9C8A8C}"
EndProject
Project("{FAE04EC0-301F-11D3-BF4B-00C04F79EFBC}") = "RepositoryLayer", "RepositoryLayer\RepositoryLayer.csproj", "{22CACD2C-BA70-4E84-8E8D-C115BAE5DD0D}"
EndProject
Project("{FAE04EC0-301F-11D3-BF4B-00C04F79EFBC}") = "Common", "Common\Common.csproj", "{57D3CF4A-C4D2-4A9D-8E26-CA7F207F7869}"
EndProject
Global
	GlobalSection(SolutionConfigurationPlatforms) = preSolution
		Debug|Any CPU = Debug|Any CPU
		Release|Any CPU = Release|Any CPU
	EndGlobalSection
	GlobalSection(ProjectConfigurationPlatforms) = postSolution
		{62FBE92C-9E55-4AA1-847C-A0FE8C360EBE}.Debug|Any CPU.ActiveCfg = Debug|Any CPU
		{62FBE92C-9E55-4AA1-847C-A0FE8C360EBE}.Debug|Any CPU.Build.0 = Debug|Any CPU
		{62FBE92C-9E55-4AA1-847C-A0FE8C360EBE}.Release|Any CPU.ActiveCfg = Release|Any CPU
		{62FBE92C-9E55-4AA1-847C-A0FE8C360EBE}.Release|Any CPU.Build.0 = Release|Any CPU
		{F87CE117-5E67-4163-8855-5AAD8E9C8A8C}.Debug|Any CPU.ActiveCfg = Debug|Any CPU
		{F87CE117-5E67-4163-8855-5AAD8E9C8A8C}.Debug|Any CPU.Build.0 = Debug|Any CPU
		{F87CE117-5E67-4163-8855-5AAD8E9C8A8C}.Release|Any CPU.ActiveCfg = Release|Any CPU
		{F87CE117-5E67-4163-8855-5AAD8E9C8A8C}.Release|Any CPU.Build.0 = Release|Any CPU
		{22CACD2C-BA70-4E84-8E8D-C115BAE5DD0D}.Debug|Any CPU.ActiveCfg = Debug|Any CPU
		{22CACD2C-BA70-4E84-8E8D-C115BAE5DD0D}.Debug|Any CPU.Build.0 = Debug|Any CPU
		{22CACD2C-BA70-4E84-8E8D-C115BAE5DD0D}.Release|Any CPU.ActiveCfg = Release|Any CPU
		{22CACD2C-BA70-4E84-8E8D-C115BAE5DD0D}.Release|Any CPU.Build.0 = Release|Any CPU
		{57D3CF4A-C4D2-4A9D-8E26-CA7F207F7869}.Debug|Any CPU.ActiveCfg = Debug|Any CPU
		{57D3CF4A-C4D2-4A9D-8E26-CA7F207F7869}.Debug|Any CPU.Build.0 = Debug|Any CPU
		{57D3CF4A-C4D2-4A9D-8E26-CA7F207F7869}.Release|Any CPU.ActiveCfg = Release|Any CPU
		{57D3CF4A-C4D2-4A9D-8E26-CA7F207F7869}.Release|Any CPU.Build.0 = Release|Any CPU
	EndGlobalSection
	GlobalSection(SolutionProperties) = preSolution
		HideSolutionNode = FALSE
	EndGlobalSection
	GlobalSection(ExtensibilityGlobals) = postSolution
		SolutionGuid = {C8CEE649-C243-4BFA-885D-4DF35C72DF9E}
	EndGlobalSection
EndGlobal
