
Microsoft Visual Studio Solution File, Format Version 12.00
# Visual Studio Version 16
VisualStudioVersion = 16.0.30413.136
MinimumVisualStudioVersion = 10.0.40219.1
Project("{FAE04EC0-301F-11D3-BF4B-00C04F79EFBC}") = "Web", "Web\Web.csproj", "{62FBE92C-9E55-4AA1-847C-A0FE8C360EBE}"
EndProject
Project("{FAE04EC0-301F-11D3-BF4B-00C04F79EFBC}") = "Common", "Common\Common.csproj", "{57D3CF4A-C4D2-4A9D-8E26-CA7F207F7869}"
EndProject
Project("{FAE04EC0-301F-11D3-BF4B-00C04F79EFBC}") = "Repositories", "Repositories\Repositories.csproj", "{EAFDA870-3EFE-461C-A3BE-C69C2FE952EF}"
EndProject
Project("{FAE04EC0-301F-11D3-BF4B-00C04F79EFBC}") = "Services", "Services\Services.csproj", "{015D799B-CB4E-44AF-8E31-CD5534BE203C}"
EndProject
Global
	GlobalSection(SolutionConfigurationPlatforms) = preSolution
		Debug|Any CPU = Debug|Any CPU
		Release|Any CPU = Release|Any CPU
	EndGlobalSection
	GlobalSection(ProjectConfigurationPlatforms) = postSolution
		{62FBE92C-9E55-4AA1-847C-A0FE8C360EBE}.Debug|Any CPU.ActiveCfg = Debug|Any CPU
		{62FBE92C-9E55-4AA1-847C-A0FE8C360EBE}.Debug|Any CPU.Build.0 = Debug|Any CPU
		{62FBE92C-9E55-4AA1-847C-A0FE8C360EBE}.Release|Any CPU.ActiveCfg = Release|Any CPU
		{62FBE92C-9E55-4AA1-847C-A0FE8C360EBE}.Release|Any CPU.Build.0 = Release|Any CPU
		{57D3CF4A-C4D2-4A9D-8E26-CA7F207F7869}.Debug|Any CPU.ActiveCfg = Debug|Any CPU
		{57D3CF4A-C4D2-4A9D-8E26-CA7F207F7869}.Debug|Any CPU.Build.0 = Debug|Any CPU
		{57D3CF4A-C4D2-4A9D-8E26-CA7F207F7869}.Release|Any CPU.ActiveCfg = Release|Any CPU
		{57D3CF4A-C4D2-4A9D-8E26-CA7F207F7869}.Release|Any CPU.Build.0 = Release|Any CPU
		{EAFDA870-3EFE-461C-A3BE-C69C2FE952EF}.Debug|Any CPU.ActiveCfg = Debug|Any CPU
		{EAFDA870-3EFE-461C-A3BE-C69C2FE952EF}.Debug|Any CPU.Build.0 = Debug|Any CPU
		{EAFDA870-3EFE-461C-A3BE-C69C2FE952EF}.Release|Any CPU.ActiveCfg = Release|Any CPU
		{EAFDA870-3EFE-461C-A3BE-C69C2FE952EF}.Release|Any CPU.Build.0 = Release|Any CPU
		{015D799B-CB4E-44AF-8E31-CD5534BE203C}.Debug|Any CPU.ActiveCfg = Debug|Any CPU
		{015D799B-CB4E-44AF-8E31-CD5534BE203C}.Debug|Any CPU.Build.0 = Debug|Any CPU
		{015D799B-CB4E-44AF-8E31-CD5534BE203C}.Release|Any CPU.ActiveCfg = Release|Any CPU
		{015D799B-CB4E-44AF-8E31-CD5534BE203C}.Release|Any CPU.Build.0 = Release|Any CPU
	EndGlobalSection
	GlobalSection(SolutionProperties) = preSolution
		HideSolutionNode = FALSE
	EndGlobalSection
	GlobalSection(ExtensibilityGlobals) = postSolution
		SolutionGuid = {C8CEE649-C243-4BFA-885D-4DF35C72DF9E}
	EndGlobalSection
EndGlobal
